
Microsoft Visual Studio Solution File, Format Version 12.00
# Visual Studio Version 16
VisualStudioVersion = 16.0.32106.194
MinimumVisualStudioVersion = 10.0.40219.1
Project("{9A19103F-16F7-4668-BE54-9A1E7A4F7556}") = "MyFirstProject", "MyFirstProject\MyFirstProject.csproj", "{EA18C20F-47B9-4A39-8AB4-5C6F6C255F4B}"
EndProject
Global
	GlobalSection(SolutionConfigurationPlatforms) = preSolution
		Debug|Any CPU = Debug|Any CPU
		Release|Any CPU = Release|Any CPU
	EndGlobalSection
	GlobalSection(ProjectConfigurationPlatforms) = postSolution
		{EA18C20F-47B9-4A39-8AB4-5C6F6C255F4B}.Debug|Any CPU.ActiveCfg = Debug|Any CPU
		{EA18C20F-47B9-4A39-8AB4-5C6F6C255F4B}.Debug|Any CPU.Build.0 = Debug|Any CPU
		{EA18C20F-47B9-4A39-8AB4-5C6F6C255F4B}.Release|Any CPU.ActiveCfg = Release|Any CPU
		{EA18C20F-47B9-4A39-8AB4-5C6F6C255F4B}.Release|Any CPU.Build.0 = Release|Any CPU
	EndGlobalSection
	GlobalSection(SolutionProperties) = preSolution
		HideSolutionNode = FALSE
	EndGlobalSection
	GlobalSection(ExtensibilityGlobals) = postSolution
		SolutionGuid = {8DE77621-85D2-4EDD-BDEF-2A56E5B82E91}
	EndGlobalSection
EndGlobal
